// !$*UTF8*$!
{
	archiveVersion = 1;
	classes = {
	};
	objectVersion = 56;
	objects = {

/* Begin PBXBuildFile section */
		1BD616A78E792FC7859A5E2A /* libPods-ios-vad.a in Frameworks */ = {isa = PBXBuildFile; fileRef = CB44367D8E2D3CAF3B980D2C /* libPods-ios-vad.a */; };
		653A263A2CDF58210010D043 /* SampleRateView.swift in Sources */ = {isa = PBXBuildFile; fileRef = 653A26392CDF58210010D043 /* SampleRateView.swift */; };
		653A263C2CDF599E0010D043 /* FrameSizeView.swift in Sources */ = {isa = PBXBuildFile; fileRef = 653A263B2CDF599E0010D043 /* FrameSizeView.swift */; };
		653A263E2CDF59C30010D043 /* QualityView.swift in Sources */ = {isa = PBXBuildFile; fileRef = 653A263D2CDF59C30010D043 /* QualityView.swift */; };
		653A26402CDF5C7F0010D043 /* RecordButton.swift in Sources */ = {isa = PBXBuildFile; fileRef = 653A263F2CDF5C7F0010D043 /* RecordButton.swift */; };
		653A26422CDF5FCD0010D043 /* ResultView.swift in Sources */ = {isa = PBXBuildFile; fileRef = 653A26412CDF5FCD0010D043 /* ResultView.swift */; };
		653A26452CDF64100010D043 /* ContentData.swift in Sources */ = {isa = PBXBuildFile; fileRef = 653A26442CDF64100010D043 /* ContentData.swift */; };
		653A26492CDF6E5E0010D043 /* SampleRate.swift in Sources */ = {isa = PBXBuildFile; fileRef = 653A26482CDF6E5E0010D043 /* SampleRate.swift */; };
		653A264B2CDF6E790010D043 /* FrameSize.swift in Sources */ = {isa = PBXBuildFile; fileRef = 653A264A2CDF6E790010D043 /* FrameSize.swift */; };
		653A264D2CDF6EB70010D043 /* VADQuality.swift in Sources */ = {isa = PBXBuildFile; fileRef = 653A264C2CDF6EB70010D043 /* VADQuality.swift */; };
		653A264F2CDF6F030010D043 /* Configuration.swift in Sources */ = {isa = PBXBuildFile; fileRef = 653A264E2CDF6F030010D043 /* Configuration.swift */; };
		653A26512CDF73530010D043 /* VADType.swift in Sources */ = {isa = PBXBuildFile; fileRef = 653A26502CDF73530010D043 /* VADType.swift */; };
		653A26532CDF7C350010D043 /* TestView.swift in Sources */ = {isa = PBXBuildFile; fileRef = 653A26522CDF7C350010D043 /* TestView.swift */; };
		653A26552CDF8C600010D043 /* Result.swift in Sources */ = {isa = PBXBuildFile; fileRef = 653A26542CDF8C600010D043 /* Result.swift */; };
		653A26572CDF8EC70010D043 /* Record.swift in Sources */ = {isa = PBXBuildFile; fileRef = 653A26562CDF8EC70010D043 /* Record.swift */; };
		653A265A2CDF9ACF0010D043 /* Permission.swift in Sources */ = {isa = PBXBuildFile; fileRef = 653A26592CDF9ACF0010D043 /* Permission.swift */; };
		653A265C2CDF9E1E0010D043 /* SileroVAD.swift in Sources */ = {isa = PBXBuildFile; fileRef = 653A265B2CDF9E1E0010D043 /* SileroVAD.swift */; };
		653A26602CDF9ECD0010D043 /* VADStrategy.swift in Sources */ = {isa = PBXBuildFile; fileRef = 653A265F2CDF9ECC0010D043 /* VADStrategy.swift */; };
		653A26622CDF9FE70010D043 /* VADState.swift in Sources */ = {isa = PBXBuildFile; fileRef = 653A26612CDF9FE70010D043 /* VADState.swift */; };
		653A26642CDFA4020010D043 /* AudioRecorder.swift in Sources */ = {isa = PBXBuildFile; fileRef = 653A26632CDFA4020010D043 /* AudioRecorder.swift */; };
		653A26662CDFAD130010D043 /* OpenMicProvider.swift in Sources */ = {isa = PBXBuildFile; fileRef = 653A26652CDFAD130010D043 /* OpenMicProvider.swift */; };
		6559E5FE2CE248F20025D7EA /* WebrtcVAD.swift in Sources */ = {isa = PBXBuildFile; fileRef = 6559E5FD2CE248F20025D7EA /* WebrtcVAD.swift */; };
		6572293F2CDD0FD50077E1CB /* VADApp.swift in Sources */ = {isa = PBXBuildFile; fileRef = 6572293E2CDD0FD50077E1CB /* VADApp.swift */; };
		657229412CDD0FD50077E1CB /* ContentView.swift in Sources */ = {isa = PBXBuildFile; fileRef = 657229402CDD0FD50077E1CB /* ContentView.swift */; };
		657229432CDD0FD70077E1CB /* Assets.xcassets in Resources */ = {isa = PBXBuildFile; fileRef = 657229422CDD0FD70077E1CB /* Assets.xcassets */; };
		657229462CDD0FD70077E1CB /* Preview Assets.xcassets in Resources */ = {isa = PBXBuildFile; fileRef = 657229452CDD0FD70077E1CB /* Preview Assets.xcassets */; };
		65E6729C2CE07E8D000A3C09 /* silero_vad.onnx in Resources */ = {isa = PBXBuildFile; fileRef = 65E6729B2CE07E8D000A3C09 /* silero_vad.onnx */; };
		65E6729E2CE07FF1000A3C09 /* SileroVADStrategy.swift in Sources */ = {isa = PBXBuildFile; fileRef = 65E6729D2CE07FF1000A3C09 /* SileroVADStrategy.swift */; };
		65E672A02CE0813C000A3C09 /* WebrtcVADStrategy.swift in Sources */ = {isa = PBXBuildFile; fileRef = 65E6729F2CE0813C000A3C09 /* WebrtcVADStrategy.swift */; };
		65E672A22CE08189000A3C09 /* YamnetVADStrategy.swift in Sources */ = {isa = PBXBuildFile; fileRef = 65E672A12CE08189000A3C09 /* YamnetVADStrategy.swift */; };
/* End PBXBuildFile section */

/* Begin PBXFileReference section */
		4CF1CCB54CD4E44329833C36 /* Pods-ios-vad.debug.xcconfig */ = {isa = PBXFileReference; includeInIndex = 1; lastKnownFileType = text.xcconfig; name = "Pods-ios-vad.debug.xcconfig"; path = "Target Support Files/Pods-ios-vad/Pods-ios-vad.debug.xcconfig"; sourceTree = "<group>"; };
		653A26392CDF58210010D043 /* SampleRateView.swift */ = {isa = PBXFileReference; lastKnownFileType = sourcecode.swift; path = SampleRateView.swift; sourceTree = "<group>"; };
		653A263B2CDF599E0010D043 /* FrameSizeView.swift */ = {isa = PBXFileReference; lastKnownFileType = sourcecode.swift; path = FrameSizeView.swift; sourceTree = "<group>"; };
		653A263D2CDF59C30010D043 /* QualityView.swift */ = {isa = PBXFileReference; lastKnownFileType = sourcecode.swift; path = QualityView.swift; sourceTree = "<group>"; };
		653A263F2CDF5C7F0010D043 /* RecordButton.swift */ = {isa = PBXFileReference; lastKnownFileType = sourcecode.swift; path = RecordButton.swift; sourceTree = "<group>"; };
		653A26412CDF5FCD0010D043 /* ResultView.swift */ = {isa = PBXFileReference; lastKnownFileType = sourcecode.swift; path = ResultView.swift; sourceTree = "<group>"; };
		653A26442CDF64100010D043 /* ContentData.swift */ = {isa = PBXFileReference; lastKnownFileType = sourcecode.swift; path = ContentData.swift; sourceTree = "<group>"; };
		653A26482CDF6E5E0010D043 /* SampleRate.swift */ = {isa = PBXFileReference; lastKnownFileType = sourcecode.swift; path = SampleRate.swift; sourceTree = "<group>"; };
		653A264A2CDF6E790010D043 /* FrameSize.swift */ = {isa = PBXFileReference; lastKnownFileType = sourcecode.swift; path = FrameSize.swift; sourceTree = "<group>"; };
		653A264C2CDF6EB70010D043 /* VADQuality.swift */ = {isa = PBXFileReference; lastKnownFileType = sourcecode.swift; path = VADQuality.swift; sourceTree = "<group>"; };
		653A264E2CDF6F030010D043 /* Configuration.swift */ = {isa = PBXFileReference; lastKnownFileType = sourcecode.swift; path = Configuration.swift; sourceTree = "<group>"; };
		653A26502CDF73530010D043 /* VADType.swift */ = {isa = PBXFileReference; lastKnownFileType = sourcecode.swift; path = VADType.swift; sourceTree = "<group>"; };
		653A26522CDF7C350010D043 /* TestView.swift */ = {isa = PBXFileReference; lastKnownFileType = sourcecode.swift; path = TestView.swift; sourceTree = "<group>"; };
		653A26542CDF8C600010D043 /* Result.swift */ = {isa = PBXFileReference; lastKnownFileType = sourcecode.swift; path = Result.swift; sourceTree = "<group>"; };
		653A26562CDF8EC70010D043 /* Record.swift */ = {isa = PBXFileReference; lastKnownFileType = sourcecode.swift; path = Record.swift; sourceTree = "<group>"; };
		653A26592CDF9ACF0010D043 /* Permission.swift */ = {isa = PBXFileReference; lastKnownFileType = sourcecode.swift; path = Permission.swift; sourceTree = "<group>"; };
		653A265B2CDF9E1E0010D043 /* SileroVAD.swift */ = {isa = PBXFileReference; lastKnownFileType = sourcecode.swift; path = SileroVAD.swift; sourceTree = "<group>"; };
		653A265F2CDF9ECC0010D043 /* VADStrategy.swift */ = {isa = PBXFileReference; lastKnownFileType = sourcecode.swift; path = VADStrategy.swift; sourceTree = "<group>"; };
		653A26612CDF9FE70010D043 /* VADState.swift */ = {isa = PBXFileReference; lastKnownFileType = sourcecode.swift; path = VADState.swift; sourceTree = "<group>"; };
		653A26632CDFA4020010D043 /* AudioRecorder.swift */ = {isa = PBXFileReference; lastKnownFileType = sourcecode.swift; path = AudioRecorder.swift; sourceTree = "<group>"; };
		653A26652CDFAD130010D043 /* OpenMicProvider.swift */ = {isa = PBXFileReference; lastKnownFileType = sourcecode.swift; path = OpenMicProvider.swift; sourceTree = "<group>"; };
		6559E5FD2CE248F20025D7EA /* WebrtcVAD.swift */ = {isa = PBXFileReference; lastKnownFileType = sourcecode.swift; path = WebrtcVAD.swift; sourceTree = "<group>"; };
		6572293B2CDD0FD50077E1CB /* ios-vad.app */ = {isa = PBXFileReference; explicitFileType = wrapper.application; includeInIndex = 0; path = "ios-vad.app"; sourceTree = BUILT_PRODUCTS_DIR; };
		6572293E2CDD0FD50077E1CB /* VADApp.swift */ = {isa = PBXFileReference; lastKnownFileType = sourcecode.swift; path = VADApp.swift; sourceTree = "<group>"; };
		657229402CDD0FD50077E1CB /* ContentView.swift */ = {isa = PBXFileReference; lastKnownFileType = sourcecode.swift; path = ContentView.swift; sourceTree = "<group>"; };
		657229422CDD0FD70077E1CB /* Assets.xcassets */ = {isa = PBXFileReference; lastKnownFileType = folder.assetcatalog; path = Assets.xcassets; sourceTree = "<group>"; };
		657229452CDD0FD70077E1CB /* Preview Assets.xcassets */ = {isa = PBXFileReference; lastKnownFileType = folder.assetcatalog; path = "Preview Assets.xcassets"; sourceTree = "<group>"; };
		65E6729B2CE07E8D000A3C09 /* silero_vad.onnx */ = {isa = PBXFileReference; lastKnownFileType = file; path = silero_vad.onnx; sourceTree = "<group>"; };
		65E6729D2CE07FF1000A3C09 /* SileroVADStrategy.swift */ = {isa = PBXFileReference; lastKnownFileType = sourcecode.swift; path = SileroVADStrategy.swift; sourceTree = "<group>"; };
		65E6729F2CE0813C000A3C09 /* WebrtcVADStrategy.swift */ = {isa = PBXFileReference; lastKnownFileType = sourcecode.swift; path = WebrtcVADStrategy.swift; sourceTree = "<group>"; };
		65E672A12CE08189000A3C09 /* YamnetVADStrategy.swift */ = {isa = PBXFileReference; lastKnownFileType = sourcecode.swift; path = YamnetVADStrategy.swift; sourceTree = "<group>"; };
		6F6A0929579CEEE209A3C073 /* Pods-ios-vad.release.xcconfig */ = {isa = PBXFileReference; includeInIndex = 1; lastKnownFileType = text.xcconfig; name = "Pods-ios-vad.release.xcconfig"; path = "Target Support Files/Pods-ios-vad/Pods-ios-vad.release.xcconfig"; sourceTree = "<group>"; };
		CB44367D8E2D3CAF3B980D2C /* libPods-ios-vad.a */ = {isa = PBXFileReference; explicitFileType = archive.ar; includeInIndex = 0; path = "libPods-ios-vad.a"; sourceTree = BUILT_PRODUCTS_DIR; };
/* End PBXFileReference section */

/* Begin PBXFrameworksBuildPhase section */
		657229382CDD0FD50077E1CB /* Frameworks */ = {
			isa = PBXFrameworksBuildPhase;
			buildActionMask = 2147483647;
			files = (
				1BD616A78E792FC7859A5E2A /* libPods-ios-vad.a in Frameworks */,
			);
			runOnlyForDeploymentPostprocessing = 0;
		};
/* End PBXFrameworksBuildPhase section */

/* Begin PBXGroup section */
		653A26272CDF4DC90010D043 /* WebRTC */ = {
			isa = PBXGroup;
			children = (
				65E6729F2CE0813C000A3C09 /* WebrtcVADStrategy.swift */,
				6559E5FD2CE248F20025D7EA /* WebrtcVAD.swift */,
			);
			path = WebRTC;
			sourceTree = "<group>";
		};
		653A26282CDF4DD90010D043 /* Silero */ = {
			isa = PBXGroup;
			children = (
				65E6729A2CE07E7C000A3C09 /* Model */,
				65E6729D2CE07FF1000A3C09 /* SileroVADStrategy.swift */,
				653A265B2CDF9E1E0010D043 /* SileroVAD.swift */,
			);
			path = Silero;
			sourceTree = "<group>";
		};
		653A26292CDF4DE20010D043 /* Yamnet */ = {
			isa = PBXGroup;
			children = (
				65E672A12CE08189000A3C09 /* YamnetVADStrategy.swift */,
			);
			path = Yamnet;
			sourceTree = "<group>";
		};
		653A26302CDF4EE60010D043 /* Common */ = {
			isa = PBXGroup;
			children = (
				653A265E2CDF9EA60010D043 /* VAD */,
				653A265D2CDF9E940010D043 /* Views */,
			);
			path = Common;
			sourceTree = "<group>";
		};
		653A26432CDF63F20010D043 /* Data */ = {
			isa = PBXGroup;
			children = (
				653A26442CDF64100010D043 /* ContentData.swift */,
				653A264E2CDF6F030010D043 /* Configuration.swift */,
				653A26482CDF6E5E0010D043 /* SampleRate.swift */,
				653A264A2CDF6E790010D043 /* FrameSize.swift */,
				653A26542CDF8C600010D043 /* Result.swift */,
				653A26562CDF8EC70010D043 /* Record.swift */,
			);
			path = Data;
			sourceTree = "<group>";
		};
		653A26582CDF9AB80010D043 /* Microphone */ = {
			isa = PBXGroup;
			children = (
				653A26652CDFAD130010D043 /* OpenMicProvider.swift */,
				653A26592CDF9ACF0010D043 /* Permission.swift */,
				653A26632CDFA4020010D043 /* AudioRecorder.swift */,
			);
			path = Microphone;
			sourceTree = "<group>";
		};
		653A265D2CDF9E940010D043 /* Views */ = {
			isa = PBXGroup;
			children = (
				653A26522CDF7C350010D043 /* TestView.swift */,
				653A26412CDF5FCD0010D043 /* ResultView.swift */,
				653A26392CDF58210010D043 /* SampleRateView.swift */,
				653A263B2CDF599E0010D043 /* FrameSizeView.swift */,
				653A263D2CDF59C30010D043 /* QualityView.swift */,
				653A263F2CDF5C7F0010D043 /* RecordButton.swift */,
			);
			path = Views;
			sourceTree = "<group>";
		};
		653A265E2CDF9EA60010D043 /* VAD */ = {
			isa = PBXGroup;
			children = (
				653A26502CDF73530010D043 /* VADType.swift */,
				653A264C2CDF6EB70010D043 /* VADQuality.swift */,
				653A26612CDF9FE70010D043 /* VADState.swift */,
				653A265F2CDF9ECC0010D043 /* VADStrategy.swift */,
			);
			path = VAD;
			sourceTree = "<group>";
		};
		657229322CDD0FD50077E1CB = {
			isa = PBXGroup;
			children = (
				6572293D2CDD0FD50077E1CB /* ios-vad */,
				6572293C2CDD0FD50077E1CB /* Products */,
				DCFE1230E6234E289F1F956A /* Pods */,
				B8265B4E6EB3C0523B75710F /* Frameworks */,
			);
			sourceTree = "<group>";
		};
		6572293C2CDD0FD50077E1CB /* Products */ = {
			isa = PBXGroup;
			children = (
				6572293B2CDD0FD50077E1CB /* ios-vad.app */,
			);
			name = Products;
			sourceTree = "<group>";
		};
		6572293D2CDD0FD50077E1CB /* ios-vad */ = {
			isa = PBXGroup;
			children = (
				6572293E2CDD0FD50077E1CB /* VADApp.swift */,
				657229402CDD0FD50077E1CB /* ContentView.swift */,
				653A26582CDF9AB80010D043 /* Microphone */,
				653A26432CDF63F20010D043 /* Data */,
				653A26302CDF4EE60010D043 /* Common */,
				653A26272CDF4DC90010D043 /* WebRTC */,
				653A26282CDF4DD90010D043 /* Silero */,
				653A26292CDF4DE20010D043 /* Yamnet */,
				657229422CDD0FD70077E1CB /* Assets.xcassets */,
				657229442CDD0FD70077E1CB /* Preview Content */,
			);
			path = "ios-vad";
			sourceTree = "<group>";
		};
		657229442CDD0FD70077E1CB /* Preview Content */ = {
			isa = PBXGroup;
			children = (
				657229452CDD0FD70077E1CB /* Preview Assets.xcassets */,
			);
			path = "Preview Content";
			sourceTree = "<group>";
		};
		65E6729A2CE07E7C000A3C09 /* Model */ = {
			isa = PBXGroup;
			children = (
				65E6729B2CE07E8D000A3C09 /* silero_vad.onnx */,
			);
			path = Model;
			sourceTree = "<group>";
		};
		B8265B4E6EB3C0523B75710F /* Frameworks */ = {
			isa = PBXGroup;
			children = (
				CB44367D8E2D3CAF3B980D2C /* libPods-ios-vad.a */,
			);
			name = Frameworks;
			sourceTree = "<group>";
		};
		DCFE1230E6234E289F1F956A /* Pods */ = {
			isa = PBXGroup;
			children = (
				4CF1CCB54CD4E44329833C36 /* Pods-ios-vad.debug.xcconfig */,
				6F6A0929579CEEE209A3C073 /* Pods-ios-vad.release.xcconfig */,
			);
			path = Pods;
			sourceTree = "<group>";
		};
/* End PBXGroup section */

/* Begin PBXNativeTarget section */
		6572293A2CDD0FD50077E1CB /* ios-vad */ = {
			isa = PBXNativeTarget;
			buildConfigurationList = 657229492CDD0FD70077E1CB /* Build configuration list for PBXNativeTarget "ios-vad" */;
			buildPhases = (
				9A5D3A3C1C3E66460A84FB8D /* [CP] Check Pods Manifest.lock */,
				657229372CDD0FD50077E1CB /* Sources */,
				657229382CDD0FD50077E1CB /* Frameworks */,
				657229392CDD0FD50077E1CB /* Resources */,
			);
			buildRules = (
			);
			dependencies = (
			);
			name = "ios-vad";
			productName = "ios-vad";
			productReference = 6572293B2CDD0FD50077E1CB /* ios-vad.app */;
			productType = "com.apple.product-type.application";
		};
/* End PBXNativeTarget section */

/* Begin PBXProject section */
		657229332CDD0FD50077E1CB /* Project object */ = {
			isa = PBXProject;
			attributes = {
				BuildIndependentTargetsInParallel = 1;
				LastSwiftUpdateCheck = 1540;
				LastUpgradeCheck = 1540;
				TargetAttributes = {
					6572293A2CDD0FD50077E1CB = {
						CreatedOnToolsVersion = 15.4;
					};
				};
			};
			buildConfigurationList = 657229362CDD0FD50077E1CB /* Build configuration list for PBXProject "ios-vad" */;
			compatibilityVersion = "Xcode 14.0";
			developmentRegion = en;
			hasScannedForEncodings = 0;
			knownRegions = (
				en,
				Base,
			);
			mainGroup = 657229322CDD0FD50077E1CB;
			productRefGroup = 6572293C2CDD0FD50077E1CB /* Products */;
			projectDirPath = "";
			projectRoot = "";
			targets = (
				6572293A2CDD0FD50077E1CB /* ios-vad */,
			);
		};
/* End PBXProject section */

/* Begin PBXResourcesBuildPhase section */
		657229392CDD0FD50077E1CB /* Resources */ = {
			isa = PBXResourcesBuildPhase;
			buildActionMask = 2147483647;
			files = (
				65E6729C2CE07E8D000A3C09 /* silero_vad.onnx in Resources */,
				657229462CDD0FD70077E1CB /* Preview Assets.xcassets in Resources */,
				657229432CDD0FD70077E1CB /* Assets.xcassets in Resources */,
			);
			runOnlyForDeploymentPostprocessing = 0;
		};
/* End PBXResourcesBuildPhase section */

/* Begin PBXShellScriptBuildPhase section */
		9A5D3A3C1C3E66460A84FB8D /* [CP] Check Pods Manifest.lock */ = {
			isa = PBXShellScriptBuildPhase;
			buildActionMask = 2147483647;
			files = (
			);
			inputFileListPaths = (
			);
			inputPaths = (
				"${PODS_PODFILE_DIR_PATH}/Podfile.lock",
				"${PODS_ROOT}/Manifest.lock",
			);
			name = "[CP] Check Pods Manifest.lock";
			outputFileListPaths = (
			);
			outputPaths = (
				"$(DERIVED_FILE_DIR)/Pods-ios-vad-checkManifestLockResult.txt",
			);
			runOnlyForDeploymentPostprocessing = 0;
			shellPath = /bin/sh;
			shellScript = "diff \"${PODS_PODFILE_DIR_PATH}/Podfile.lock\" \"${PODS_ROOT}/Manifest.lock\" > /dev/null\nif [ $? != 0 ] ; then\n    # print error to STDERR\n    echo \"error: The sandbox is not in sync with the Podfile.lock. Run 'pod install' or update your CocoaPods installation.\" >&2\n    exit 1\nfi\n# This output is used by Xcode 'outputs' to avoid re-running this script phase.\necho \"SUCCESS\" > \"${SCRIPT_OUTPUT_FILE_0}\"\n";
			showEnvVarsInLog = 0;
		};
/* End PBXShellScriptBuildPhase section */

/* Begin PBXSourcesBuildPhase section */
		657229372CDD0FD50077E1CB /* Sources */ = {
			isa = PBXSourcesBuildPhase;
			buildActionMask = 2147483647;
			files = (
				653A264B2CDF6E790010D043 /* FrameSize.swift in Sources */,
				657229412CDD0FD50077E1CB /* ContentView.swift in Sources */,
				6572293F2CDD0FD50077E1CB /* VADApp.swift in Sources */,
				653A263E2CDF59C30010D043 /* QualityView.swift in Sources */,
				653A263C2CDF599E0010D043 /* FrameSizeView.swift in Sources */,
				653A26572CDF8EC70010D043 /* Record.swift in Sources */,
				65E672A02CE0813C000A3C09 /* WebrtcVADStrategy.swift in Sources */,
				65E6729E2CE07FF1000A3C09 /* SileroVADStrategy.swift in Sources */,
				65E672A22CE08189000A3C09 /* YamnetVADStrategy.swift in Sources */,
				653A264F2CDF6F030010D043 /* Configuration.swift in Sources */,
				653A265C2CDF9E1E0010D043 /* SileroVAD.swift in Sources */,
				653A26552CDF8C600010D043 /* Result.swift in Sources */,
				653A26622CDF9FE70010D043 /* VADState.swift in Sources */,
				653A26662CDFAD130010D043 /* OpenMicProvider.swift in Sources */,
				653A26422CDF5FCD0010D043 /* ResultView.swift in Sources */,
				653A26532CDF7C350010D043 /* TestView.swift in Sources */,
				653A263A2CDF58210010D043 /* SampleRateView.swift in Sources */,
				653A265A2CDF9ACF0010D043 /* Permission.swift in Sources */,
				653A26602CDF9ECD0010D043 /* VADStrategy.swift in Sources */,
				653A26642CDFA4020010D043 /* AudioRecorder.swift in Sources */,
				653A26512CDF73530010D043 /* VADType.swift in Sources */,
				653A26402CDF5C7F0010D043 /* RecordButton.swift in Sources */,
				6559E5FE2CE248F20025D7EA /* WebrtcVAD.swift in Sources */,
				653A26452CDF64100010D043 /* ContentData.swift in Sources */,
				653A26492CDF6E5E0010D043 /* SampleRate.swift in Sources */,
				653A264D2CDF6EB70010D043 /* VADQuality.swift in Sources */,
			);
			runOnlyForDeploymentPostprocessing = 0;
		};
/* End PBXSourcesBuildPhase section */

/* Begin XCBuildConfiguration section */
		657229472CDD0FD70077E1CB /* Debug */ = {
			isa = XCBuildConfiguration;
			buildSettings = {
				ALWAYS_SEARCH_USER_PATHS = NO;
				ASSETCATALOG_COMPILER_GENERATE_SWIFT_ASSET_SYMBOL_EXTENSIONS = YES;
				CLANG_ANALYZER_NONNULL = YES;
				CLANG_ANALYZER_NUMBER_OBJECT_CONVERSION = YES_AGGRESSIVE;
				CLANG_CXX_LANGUAGE_STANDARD = "gnu++20";
				CLANG_ENABLE_MODULES = YES;
				CLANG_ENABLE_OBJC_ARC = YES;
				CLANG_ENABLE_OBJC_WEAK = YES;
				CLANG_WARN_BLOCK_CAPTURE_AUTORELEASING = YES;
				CLANG_WARN_BOOL_CONVERSION = YES;
				CLANG_WARN_COMMA = YES;
				CLANG_WARN_CONSTANT_CONVERSION = YES;
				CLANG_WARN_DEPRECATED_OBJC_IMPLEMENTATIONS = YES;
				CLANG_WARN_DIRECT_OBJC_ISA_USAGE = YES_ERROR;
				CLANG_WARN_DOCUMENTATION_COMMENTS = YES;
				CLANG_WARN_EMPTY_BODY = YES;
				CLANG_WARN_ENUM_CONVERSION = YES;
				CLANG_WARN_INFINITE_RECURSION = YES;
				CLANG_WARN_INT_CONVERSION = YES;
				CLANG_WARN_NON_LITERAL_NULL_CONVERSION = YES;
				CLANG_WARN_OBJC_IMPLICIT_RETAIN_SELF = YES;
				CLANG_WARN_OBJC_LITERAL_CONVERSION = YES;
				CLANG_WARN_OBJC_ROOT_CLASS = YES_ERROR;
				CLANG_WARN_QUOTED_INCLUDE_IN_FRAMEWORK_HEADER = YES;
				CLANG_WARN_RANGE_LOOP_ANALYSIS = YES;
				CLANG_WARN_STRICT_PROTOTYPES = YES;
				CLANG_WARN_SUSPICIOUS_MOVE = YES;
				CLANG_WARN_UNGUARDED_AVAILABILITY = YES_AGGRESSIVE;
				CLANG_WARN_UNREACHABLE_CODE = YES;
				CLANG_WARN__DUPLICATE_METHOD_MATCH = YES;
				COPY_PHASE_STRIP = NO;
				DEBUG_INFORMATION_FORMAT = dwarf;
				ENABLE_STRICT_OBJC_MSGSEND = YES;
				ENABLE_TESTABILITY = YES;
				ENABLE_USER_SCRIPT_SANDBOXING = YES;
				GCC_C_LANGUAGE_STANDARD = gnu17;
				GCC_DYNAMIC_NO_PIC = NO;
				GCC_NO_COMMON_BLOCKS = YES;
				GCC_OPTIMIZATION_LEVEL = 0;
				GCC_PREPROCESSOR_DEFINITIONS = (
					"DEBUG=1",
					"$(inherited)",
				);
				GCC_WARN_64_TO_32_BIT_CONVERSION = YES;
				GCC_WARN_ABOUT_RETURN_TYPE = YES_ERROR;
				GCC_WARN_UNDECLARED_SELECTOR = YES;
				GCC_WARN_UNINITIALIZED_AUTOS = YES_AGGRESSIVE;
				GCC_WARN_UNUSED_FUNCTION = YES;
				GCC_WARN_UNUSED_VARIABLE = YES;
				IPHONEOS_DEPLOYMENT_TARGET = 17.5;
				LOCALIZATION_PREFERS_STRING_CATALOGS = YES;
				MTL_ENABLE_DEBUG_INFO = INCLUDE_SOURCE;
				MTL_FAST_MATH = YES;
				ONLY_ACTIVE_ARCH = YES;
				SDKROOT = iphoneos;
				SWIFT_ACTIVE_COMPILATION_CONDITIONS = "DEBUG $(inherited)";
				SWIFT_OPTIMIZATION_LEVEL = "-Onone";
			};
			name = Debug;
		};
		657229482CDD0FD70077E1CB /* Release */ = {
			isa = XCBuildConfiguration;
			buildSettings = {
				ALWAYS_SEARCH_USER_PATHS = NO;
				ASSETCATALOG_COMPILER_GENERATE_SWIFT_ASSET_SYMBOL_EXTENSIONS = YES;
				CLANG_ANALYZER_NONNULL = YES;
				CLANG_ANALYZER_NUMBER_OBJECT_CONVERSION = YES_AGGRESSIVE;
				CLANG_CXX_LANGUAGE_STANDARD = "gnu++20";
				CLANG_ENABLE_MODULES = YES;
				CLANG_ENABLE_OBJC_ARC = YES;
				CLANG_ENABLE_OBJC_WEAK = YES;
				CLANG_WARN_BLOCK_CAPTURE_AUTORELEASING = YES;
				CLANG_WARN_BOOL_CONVERSION = YES;
				CLANG_WARN_COMMA = YES;
				CLANG_WARN_CONSTANT_CONVERSION = YES;
				CLANG_WARN_DEPRECATED_OBJC_IMPLEMENTATIONS = YES;
				CLANG_WARN_DIRECT_OBJC_ISA_USAGE = YES_ERROR;
				CLANG_WARN_DOCUMENTATION_COMMENTS = YES;
				CLANG_WARN_EMPTY_BODY = YES;
				CLANG_WARN_ENUM_CONVERSION = YES;
				CLANG_WARN_INFINITE_RECURSION = YES;
				CLANG_WARN_INT_CONVERSION = YES;
				CLANG_WARN_NON_LITERAL_NULL_CONVERSION = YES;
				CLANG_WARN_OBJC_IMPLICIT_RETAIN_SELF = YES;
				CLANG_WARN_OBJC_LITERAL_CONVERSION = YES;
				CLANG_WARN_OBJC_ROOT_CLASS = YES_ERROR;
				CLANG_WARN_QUOTED_INCLUDE_IN_FRAMEWORK_HEADER = YES;
				CLANG_WARN_RANGE_LOOP_ANALYSIS = YES;
				CLANG_WARN_STRICT_PROTOTYPES = YES;
				CLANG_WARN_SUSPICIOUS_MOVE = YES;
				CLANG_WARN_UNGUARDED_AVAILABILITY = YES_AGGRESSIVE;
				CLANG_WARN_UNREACHABLE_CODE = YES;
				CLANG_WARN__DUPLICATE_METHOD_MATCH = YES;
				COPY_PHASE_STRIP = NO;
				DEBUG_INFORMATION_FORMAT = "dwarf-with-dsym";
				ENABLE_NS_ASSERTIONS = NO;
				ENABLE_STRICT_OBJC_MSGSEND = YES;
				ENABLE_USER_SCRIPT_SANDBOXING = YES;
				GCC_C_LANGUAGE_STANDARD = gnu17;
				GCC_NO_COMMON_BLOCKS = YES;
				GCC_WARN_64_TO_32_BIT_CONVERSION = YES;
				GCC_WARN_ABOUT_RETURN_TYPE = YES_ERROR;
				GCC_WARN_UNDECLARED_SELECTOR = YES;
				GCC_WARN_UNINITIALIZED_AUTOS = YES_AGGRESSIVE;
				GCC_WARN_UNUSED_FUNCTION = YES;
				GCC_WARN_UNUSED_VARIABLE = YES;
				IPHONEOS_DEPLOYMENT_TARGET = 17.5;
				LOCALIZATION_PREFERS_STRING_CATALOGS = YES;
				MTL_ENABLE_DEBUG_INFO = NO;
				MTL_FAST_MATH = YES;
				SDKROOT = iphoneos;
				SWIFT_COMPILATION_MODE = wholemodule;
				VALIDATE_PRODUCT = YES;
			};
			name = Release;
		};
		6572294A2CDD0FD70077E1CB /* Debug */ = {
			isa = XCBuildConfiguration;
			baseConfigurationReference = 4CF1CCB54CD4E44329833C36 /* Pods-ios-vad.debug.xcconfig */;
			buildSettings = {
				ASSETCATALOG_COMPILER_APPICON_NAME = AppIcon;
				ASSETCATALOG_COMPILER_GLOBAL_ACCENT_COLOR_NAME = AccentColor;
				"CODE_SIGN_IDENTITY[sdk=iphoneos*]" = "iPhone Developer";
				CODE_SIGN_STYLE = Manual;
				CURRENT_PROJECT_VERSION = 1;
				DEVELOPMENT_ASSET_PATHS = "\"ios-vad/Preview Content\"";
				DEVELOPMENT_TEAM = "";
				"DEVELOPMENT_TEAM[sdk=iphoneos*]" = 26FBUEXXH7;
				ENABLE_PREVIEWS = YES;
				GENERATE_INFOPLIST_FILE = YES;
				INFOPLIST_KEY_NSMicrophoneUsageDescription = "请允许访问麦克风，以进行 VAD 检测";
				INFOPLIST_KEY_UIApplicationSceneManifest_Generation = YES;
				INFOPLIST_KEY_UIApplicationSupportsIndirectInputEvents = YES;
				INFOPLIST_KEY_UILaunchScreen_Generation = YES;
				INFOPLIST_KEY_UISupportedInterfaceOrientations_iPad = "UIInterfaceOrientationPortrait UIInterfaceOrientationPortraitUpsideDown UIInterfaceOrientationLandscapeLeft UIInterfaceOrientationLandscapeRight";
				INFOPLIST_KEY_UISupportedInterfaceOrientations_iPhone = "UIInterfaceOrientationPortrait UIInterfaceOrientationLandscapeLeft UIInterfaceOrientationLandscapeRight";
				IPHONEOS_DEPLOYMENT_TARGET = 17.5;
				LD_RUNPATH_SEARCH_PATHS = (
					"$(inherited)",
					"@executable_path/Frameworks",
				);
				MARKETING_VERSION = 1.0;
				PRODUCT_BUNDLE_IDENTIFIER = com.fenbi.ariesinhouse;
				PRODUCT_NAME = "$(TARGET_NAME)";
				PROVISIONING_PROFILE_SPECIFIER = "";
				"PROVISIONING_PROFILE_SPECIFIER[sdk=iphoneos*]" = "match Development com.fenbi.ariesinhouse 1717666343";
				SWIFT_EMIT_LOC_STRINGS = YES;
				SWIFT_VERSION = 5.0;
				TARGETED_DEVICE_FAMILY = "1,2";
			};
			name = Debug;
		};
		6572294B2CDD0FD70077E1CB /* Release */ = {
			isa = XCBuildConfiguration;
			baseConfigurationReference = 6F6A0929579CEEE209A3C073 /* Pods-ios-vad.release.xcconfig */;
			buildSettings = {
				ASSETCATALOG_COMPILER_APPICON_NAME = AppIcon;
				ASSETCATALOG_COMPILER_GLOBAL_ACCENT_COLOR_NAME = AccentColor;
				CODE_SIGN_STYLE = Automatic;
				CURRENT_PROJECT_VERSION = 1;
				DEVELOPMENT_ASSET_PATHS = "\"ios-vad/Preview Content\"";
				DEVELOPMENT_TEAM = 78MWKCLD6V;
				ENABLE_PREVIEWS = YES;
				GENERATE_INFOPLIST_FILE = YES;
				INFOPLIST_KEY_NSMicrophoneUsageDescription = "请允许访问麦克风，以进行 VAD 检测";
				INFOPLIST_KEY_UIApplicationSceneManifest_Generation = YES;
				INFOPLIST_KEY_UIApplicationSupportsIndirectInputEvents = YES;
				INFOPLIST_KEY_UILaunchScreen_Generation = YES;
				INFOPLIST_KEY_UISupportedInterfaceOrientations_iPad = "UIInterfaceOrientationPortrait UIInterfaceOrientationPortraitUpsideDown UIInterfaceOrientationLandscapeLeft UIInterfaceOrientationLandscapeRight";
				INFOPLIST_KEY_UISupportedInterfaceOrientations_iPhone = "UIInterfaceOrientationPortrait UIInterfaceOrientationLandscapeLeft UIInterfaceOrientationLandscapeRight";
				IPHONEOS_DEPLOYMENT_TARGET = 17.5;
				LD_RUNPATH_SEARCH_PATHS = (
					"$(inherited)",
					"@executable_path/Frameworks",
				);
				MARKETING_VERSION = 1.0;
				PRODUCT_BUNDLE_IDENTIFIER = "me.chuquan.ios-vad.ios-vad";
				PRODUCT_NAME = "$(TARGET_NAME)";
				SWIFT_EMIT_LOC_STRINGS = YES;
				SWIFT_VERSION = 5.0;
				TARGETED_DEVICE_FAMILY = "1,2";
			};
			name = Release;
		};
/* End XCBuildConfiguration section */

/* Begin XCConfigurationList section */
		657229362CDD0FD50077E1CB /* Build configuration list for PBXProject "ios-vad" */ = {
			isa = XCConfigurationList;
			buildConfigurations = (
				657229472CDD0FD70077E1CB /* Debug */,
				657229482CDD0FD70077E1CB /* Release */,
			);
			defaultConfigurationIsVisible = 0;
			defaultConfigurationName = Release;
		};
		657229492CDD0FD70077E1CB /* Build configuration list for PBXNativeTarget "ios-vad" */ = {
			isa = XCConfigurationList;
			buildConfigurations = (
				6572294A2CDD0FD70077E1CB /* Debug */,
				6572294B2CDD0FD70077E1CB /* Release */,
			);
			defaultConfigurationIsVisible = 0;
			defaultConfigurationName = Release;
		};
/* End XCConfigurationList section */
	};
	rootObject = 657229332CDD0FD50077E1CB /* Project object */;
}
